
Microsoft Visual Studio Solution File, Format Version 9.00
# Visual Studio 2005
Project("{8BC9CEB8-8B4A-11D0-8D11-00A0C91BC942}") = "tmpfunc", "tmpfunc.vcproj", "{7208403B-EDC3-46CA-85C6-F971C0DD2411}"
EndProject
Global
	GlobalSection(SolutionConfigurationPlatforms) = preSolution
		Debug|Win32 = Debug|Win32
		Release|Win32 = Release|Win32
	EndGlobalSection
	GlobalSection(ProjectConfigurationPlatforms) = postSolution
		{7208403B-EDC3-46CA-85C6-F971C0DD2411}.Debug|Win32.ActiveCfg = Debug|Win32
		{7208403B-EDC3-46CA-85C6-F971C0DD2411}.Debug|Win32.Build.0 = Debug|Win32
		{7208403B-EDC3-46CA-85C6-F971C0DD2411}.Release|Win32.ActiveCfg = Release|Win32
		{7208403B-EDC3-46CA-85C6-F971C0DD2411}.Release|Win32.Build.0 = Release|Win32
	EndGlobalSection
	GlobalSection(SolutionProperties) = preSolution
		HideSolutionNode = FALSE
	EndGlobalSection
EndGlobal
